// !$*UTF8*$!
{
	archiveVersion = 1;
	classes = {
	};
	objectVersion = 77;
	objects = {

/* Begin PBXBuildFile section */
		01FA16525D06A5668D7720AC /* UserTier.swift in Sources */ = {isa = PBXBuildFile; fileRef = 6B76A8E3CB64E3229FA06730 /* UserTier.swift */; };
		0258D9362D2F0B4AF483B3F1 /* SubscriptionManager.swift in Sources */ = {isa = PBXBuildFile; fileRef = 4375F917090C0E40D3DD20C4 /* SubscriptionManager.swift */; };
		0E010ECCA910D3FF3DBD0736 /* ReelsRenderer.swift in Sources */ = {isa = PBXBuildFile; fileRef = A01F41CE73D00738C6E42FEE /* ReelsRenderer.swift */; };
		17DB6F8F7FFBE87E84BDF9B2 /* ReelsBlueprint.swift in Sources */ = {isa = PBXBuildFile; fileRef = AAA917E3766E1949DCD27AA0 /* ReelsBlueprint.swift */; };
		257BD46423D340A696B784AB /* BlueprintService.swift in Sources */ = {isa = PBXBuildFile; fileRef = 3F82A5568ECB048899E9AE55 /* BlueprintService.swift */; };
		2716ADBE337DFA48BDBCABDD /* VideoFetcher.swift in Sources */ = {isa = PBXBuildFile; fileRef = D030C7A84040AE6382930914 /* VideoFetcher.swift */; };
		2836762CBEA89B733CCCC9B2 /* FacelessApp.swift in Sources */ = {isa = PBXBuildFile; fileRef = 53BCA41C6DA730ACDF302914 /* FacelessApp.swift */; };
		2903BE5DEF5216293CFE3BCC /* ReelGeneratorViewModel.swift in Sources */ = {isa = PBXBuildFile; fileRef = A57E14A781B27B54DBD98FEC /* ReelGeneratorViewModel.swift */; };
		2C7DB59192916B0F1879AFE5 /* UsageTracker.swift in Sources */ = {isa = PBXBuildFile; fileRef = 14798FB17F2A8621230C2F35 /* UsageTracker.swift */; };
		357EF6C54D574454DF3BF0DC /* VoiceoverGeneratorTests.swift in Sources */ = {isa = PBXBuildFile; fileRef = 35C479FEB724BA5A2E333DE7 /* VoiceoverGeneratorTests.swift */; };
		38B935529AAECE255E53204E /* PaywallView.swift in Sources */ = {isa = PBXBuildFile; fileRef = 94159C4AB89BF5C7E6FA2ACC /* PaywallView.swift */; };
		472C8A58EE9D5230800A1124 /* mock_blueprint.json in Resources */ = {isa = PBXBuildFile; fileRef = CA670A251DEA4273F84F04B8 /* mock_blueprint.json */; };
		47AC9DD06F6868601711E1E0 /* GenerationProgressView.swift in Sources */ = {isa = PBXBuildFile; fileRef = 5738791F828E015D3DFE8B3D /* GenerationProgressView.swift */; };
		49FB20D168DA7DC653C1EFF8 /* FeatureFlagManager.swift in Sources */ = {isa = PBXBuildFile; fileRef = 4A440B4F104B8D456470D924 /* FeatureFlagManager.swift */; };
		8035767A01ACA357D1DDC80D /* GenerationPhase.swift in Sources */ = {isa = PBXBuildFile; fileRef = C812228715DA53E2D9891E88 /* GenerationPhase.swift */; };
		87A735729EC3340C30322699 /* PexelsResponse.swift in Sources */ = {isa = PBXBuildFile; fileRef = 9B53EB23738A5590695C96F8 /* PexelsResponse.swift */; };
		933DBE5CEA59F96F234ED298 /* AVFoundation.framework in Frameworks */ = {isa = PBXBuildFile; fileRef = 412F18B9BC63908E6BBAB9F0 /* AVFoundation.framework */; };
		A120A2E9944B2F384ED3F711 /* HomeView.swift in Sources */ = {isa = PBXBuildFile; fileRef = 910EB8AFA1CBCDE7FCA47554 /* HomeView.swift */; };
		A68E5F2FAD86C8EF91485348 /* AutoUploader.swift in Sources */ = {isa = PBXBuildFile; fileRef = 9B3CF9C5BA6B2A1C272593F7 /* AutoUploader.swift */; };
		B8D6E73BFF5639F8B5F4EDE4 /* FirebaseStorage in Frameworks */ = {isa = PBXBuildFile; productRef = 40EA00C5226FAA70E42E3804 /* FirebaseStorage */; };
		C55FCBCC865B013890F07D0E /* QuartzCore.framework in Frameworks */ = {isa = PBXBuildFile; fileRef = BB95D298B73C1441B667A650 /* QuartzCore.framework */; };
		CAEE6CD35D7AE708457DB5B8 /* VideoPreviewView.swift in Sources */ = {isa = PBXBuildFile; fileRef = A68D3F3D2513951678F48B15 /* VideoPreviewView.swift */; };
		D446DDDA047847E10DC719A2 /* StoreConfiguration.storekit in Resources */ = {isa = PBXBuildFile; fileRef = 4D4549C5BE9A941B1DFD4D7E /* StoreConfiguration.storekit */; };
		D5B7DC02E4D22CDE31B8C2F3 /* Milestone3Tests.swift in Sources */ = {isa = PBXBuildFile; fileRef = 7DCC9E79C5B5F13CC89FC0E7 /* Milestone3Tests.swift */; };
		DF06214C463CBE548E9B92C1 /* VoiceoverGenerator.swift in Sources */ = {isa = PBXBuildFile; fileRef = 4F76CCA176C188405CD18C3F /* VoiceoverGenerator.swift */; };
		E44E7033A0815645854DEC27 /* TempFileManager.swift in Sources */ = {isa = PBXBuildFile; fileRef = F509768D5BF0D06737631A7E /* TempFileManager.swift */; };
		ED4312F9B8CA699CB6CD0DF3 /* ViewModelTests.swift in Sources */ = {isa = PBXBuildFile; fileRef = 20E36B02DDE3921886638C0F /* ViewModelTests.swift */; };
		EFD5D5CE8D5AA276F8C64784 /* AVKit.framework in Frameworks */ = {isa = PBXBuildFile; fileRef = CBF51F62C3EADD5D2F2B3059 /* AVKit.framework */; };
		FBE905902F34E59448A8B44C /* ReelsBlueprintTests.swift in Sources */ = {isa = PBXBuildFile; fileRef = 2BB4CF7CEF2309EF35EF5D40 /* ReelsBlueprintTests.swift */; };
		FF0CBA4B036D9DBABC4DCDE2 /* Assets.xcassets in Resources */ = {isa = PBXBuildFile; fileRef = E509A86AB20D177FCDE1CF5D /* Assets.xcassets */; };
/* End PBXBuildFile section */

/* Begin PBXContainerItemProxy section */
		3DDA721892F19111EF284D4A /* PBXContainerItemProxy */ = {
			isa = PBXContainerItemProxy;
			containerPortal = CD26333254540897D55F0AD9 /* Project object */;
			proxyType = 1;
			remoteGlobalIDString = 8672607C5B6091700EAD7A3F;
			remoteInfo = Faceless;
		};
/* End PBXContainerItemProxy section */

/* Begin PBXFileReference section */
		14798FB17F2A8621230C2F35 /* UsageTracker.swift */ = {isa = PBXFileReference; lastKnownFileType = sourcecode.swift; path = UsageTracker.swift; sourceTree = "<group>"; };
		20E36B02DDE3921886638C0F /* ViewModelTests.swift */ = {isa = PBXFileReference; lastKnownFileType = sourcecode.swift; path = ViewModelTests.swift; sourceTree = "<group>"; };
		25B0DAE12E716A27E713B50C /* Faceless.app */ = {isa = PBXFileReference; explicitFileType = wrapper.application; includeInIndex = 0; path = Faceless.app; sourceTree = BUILT_PRODUCTS_DIR; };
		2BB4CF7CEF2309EF35EF5D40 /* ReelsBlueprintTests.swift */ = {isa = PBXFileReference; lastKnownFileType = sourcecode.swift; path = ReelsBlueprintTests.swift; sourceTree = "<group>"; };
		35C479FEB724BA5A2E333DE7 /* VoiceoverGeneratorTests.swift */ = {isa = PBXFileReference; lastKnownFileType = sourcecode.swift; path = VoiceoverGeneratorTests.swift; sourceTree = "<group>"; };
		3F82A5568ECB048899E9AE55 /* BlueprintService.swift */ = {isa = PBXFileReference; lastKnownFileType = sourcecode.swift; path = BlueprintService.swift; sourceTree = "<group>"; };
		412F18B9BC63908E6BBAB9F0 /* AVFoundation.framework */ = {isa = PBXFileReference; lastKnownFileType = wrapper.framework; name = AVFoundation.framework; path = System/Library/Frameworks/AVFoundation.framework; sourceTree = SDKROOT; };
		4375F917090C0E40D3DD20C4 /* SubscriptionManager.swift */ = {isa = PBXFileReference; lastKnownFileType = sourcecode.swift; path = SubscriptionManager.swift; sourceTree = "<group>"; };
		4A440B4F104B8D456470D924 /* FeatureFlagManager.swift */ = {isa = PBXFileReference; lastKnownFileType = sourcecode.swift; path = FeatureFlagManager.swift; sourceTree = "<group>"; };
		4D4549C5BE9A941B1DFD4D7E /* StoreConfiguration.storekit */ = {isa = PBXFileReference; lastKnownFileType = text; path = StoreConfiguration.storekit; sourceTree = "<group>"; };
		4F76CCA176C188405CD18C3F /* VoiceoverGenerator.swift */ = {isa = PBXFileReference; lastKnownFileType = sourcecode.swift; path = VoiceoverGenerator.swift; sourceTree = "<group>"; };
		53BCA41C6DA730ACDF302914 /* FacelessApp.swift */ = {isa = PBXFileReference; lastKnownFileType = sourcecode.swift; path = FacelessApp.swift; sourceTree = "<group>"; };
		555719F57EB73EEF0AE83F6B /* FacelessTests.xctest */ = {isa = PBXFileReference; includeInIndex = 0; lastKnownFileType = wrapper.cfbundle; path = FacelessTests.xctest; sourceTree = BUILT_PRODUCTS_DIR; };
		5738791F828E015D3DFE8B3D /* GenerationProgressView.swift */ = {isa = PBXFileReference; lastKnownFileType = sourcecode.swift; path = GenerationProgressView.swift; sourceTree = "<group>"; };
		6B76A8E3CB64E3229FA06730 /* UserTier.swift */ = {isa = PBXFileReference; lastKnownFileType = sourcecode.swift; path = UserTier.swift; sourceTree = "<group>"; };
		7DCC9E79C5B5F13CC89FC0E7 /* Milestone3Tests.swift */ = {isa = PBXFileReference; lastKnownFileType = sourcecode.swift; path = Milestone3Tests.swift; sourceTree = "<group>"; };
		910EB8AFA1CBCDE7FCA47554 /* HomeView.swift */ = {isa = PBXFileReference; lastKnownFileType = sourcecode.swift; path = HomeView.swift; sourceTree = "<group>"; };
		94159C4AB89BF5C7E6FA2ACC /* PaywallView.swift */ = {isa = PBXFileReference; lastKnownFileType = sourcecode.swift; path = PaywallView.swift; sourceTree = "<group>"; };
		9B3CF9C5BA6B2A1C272593F7 /* AutoUploader.swift */ = {isa = PBXFileReference; lastKnownFileType = sourcecode.swift; path = AutoUploader.swift; sourceTree = "<group>"; };
		9B53EB23738A5590695C96F8 /* PexelsResponse.swift */ = {isa = PBXFileReference; lastKnownFileType = sourcecode.swift; path = PexelsResponse.swift; sourceTree = "<group>"; };
		A01F41CE73D00738C6E42FEE /* ReelsRenderer.swift */ = {isa = PBXFileReference; lastKnownFileType = sourcecode.swift; path = ReelsRenderer.swift; sourceTree = "<group>"; };
		A57E14A781B27B54DBD98FEC /* ReelGeneratorViewModel.swift */ = {isa = PBXFileReference; lastKnownFileType = sourcecode.swift; path = ReelGeneratorViewModel.swift; sourceTree = "<group>"; };
		A68D3F3D2513951678F48B15 /* VideoPreviewView.swift */ = {isa = PBXFileReference; lastKnownFileType = sourcecode.swift; path = VideoPreviewView.swift; sourceTree = "<group>"; };
		AAA917E3766E1949DCD27AA0 /* ReelsBlueprint.swift */ = {isa = PBXFileReference; lastKnownFileType = sourcecode.swift; path = ReelsBlueprint.swift; sourceTree = "<group>"; };
		BB95D298B73C1441B667A650 /* QuartzCore.framework */ = {isa = PBXFileReference; lastKnownFileType = wrapper.framework; name = QuartzCore.framework; path = System/Library/Frameworks/QuartzCore.framework; sourceTree = SDKROOT; };
		C812228715DA53E2D9891E88 /* GenerationPhase.swift */ = {isa = PBXFileReference; lastKnownFileType = sourcecode.swift; path = GenerationPhase.swift; sourceTree = "<group>"; };
		CA670A251DEA4273F84F04B8 /* mock_blueprint.json */ = {isa = PBXFileReference; lastKnownFileType = text.json; path = mock_blueprint.json; sourceTree = "<group>"; };
		CBF51F62C3EADD5D2F2B3059 /* AVKit.framework */ = {isa = PBXFileReference; lastKnownFileType = wrapper.framework; name = AVKit.framework; path = System/Library/Frameworks/AVKit.framework; sourceTree = SDKROOT; };
		D030C7A84040AE6382930914 /* VideoFetcher.swift */ = {isa = PBXFileReference; lastKnownFileType = sourcecode.swift; path = VideoFetcher.swift; sourceTree = "<group>"; };
		D0A29CB31AB44D3CAB044620 /* Info.plist */ = {isa = PBXFileReference; lastKnownFileType = text.plist; path = Info.plist; sourceTree = "<group>"; };
		E509A86AB20D177FCDE1CF5D /* Assets.xcassets */ = {isa = PBXFileReference; lastKnownFileType = folder.assetcatalog; path = Assets.xcassets; sourceTree = "<group>"; };
		F509768D5BF0D06737631A7E /* TempFileManager.swift */ = {isa = PBXFileReference; lastKnownFileType = sourcecode.swift; path = TempFileManager.swift; sourceTree = "<group>"; };
/* End PBXFileReference section */

/* Begin PBXFrameworksBuildPhase section */
		21F1537B05CA4706F35F6C54 /* Frameworks */ = {
			isa = PBXFrameworksBuildPhase;
			buildActionMask = 2147483647;
			files = (
				B8D6E73BFF5639F8B5F4EDE4 /* FirebaseStorage in Frameworks */,
				933DBE5CEA59F96F234ED298 /* AVFoundation.framework in Frameworks */,
				EFD5D5CE8D5AA276F8C64784 /* AVKit.framework in Frameworks */,
				C55FCBCC865B013890F07D0E /* QuartzCore.framework in Frameworks */,
			);
			runOnlyForDeploymentPostprocessing = 0;
		};
/* End PBXFrameworksBuildPhase section */

/* Begin PBXGroup section */
		155AE05F4ED1649D67A3DA50 /* Views */ = {
			isa = PBXGroup;
			children = (
				5738791F828E015D3DFE8B3D /* GenerationProgressView.swift */,
				910EB8AFA1CBCDE7FCA47554 /* HomeView.swift */,
				94159C4AB89BF5C7E6FA2ACC /* PaywallView.swift */,
				A68D3F3D2513951678F48B15 /* VideoPreviewView.swift */,
			);
			path = Views;
			sourceTree = "<group>";
		};
		174277C38F28F5F393269D78 /* Resources */ = {
			isa = PBXGroup;
			children = (
				E509A86AB20D177FCDE1CF5D /* Assets.xcassets */,
				CA670A251DEA4273F84F04B8 /* mock_blueprint.json */,
				4D4549C5BE9A941B1DFD4D7E /* StoreConfiguration.storekit */,
			);
			path = Resources;
			sourceTree = "<group>";
		};
		37E62E8300241F8613B551EE /* Models */ = {
			isa = PBXGroup;
			children = (
				C812228715DA53E2D9891E88 /* GenerationPhase.swift */,
				9B53EB23738A5590695C96F8 /* PexelsResponse.swift */,
				AAA917E3766E1949DCD27AA0 /* ReelsBlueprint.swift */,
				6B76A8E3CB64E3229FA06730 /* UserTier.swift */,
			);
			path = Models;
			sourceTree = "<group>";
		};
		55DE6395F62982AB52800C4F /* Faceless */ = {
			isa = PBXGroup;
			children = (
				D0A29CB31AB44D3CAB044620 /* Info.plist */,
				5A0A85BEE61F0AB5513EDE39 /* App */,
				37E62E8300241F8613B551EE /* Models */,
				174277C38F28F5F393269D78 /* Resources */,
				C3474188FAC5D553507BFB49 /* Services */,
				CBE8B917370F254023BB50D3 /* Utils */,
				F1ABDA93706741BF75CC153F /* ViewModels */,
				155AE05F4ED1649D67A3DA50 /* Views */,
			);
			path = Faceless;
			sourceTree = "<group>";
		};
		5A0A85BEE61F0AB5513EDE39 /* App */ = {
			isa = PBXGroup;
			children = (
				53BCA41C6DA730ACDF302914 /* FacelessApp.swift */,
			);
			path = App;
			sourceTree = "<group>";
		};
		847007195A92FB95C500D3E5 = {
			isa = PBXGroup;
			children = (
				55DE6395F62982AB52800C4F /* Faceless */,
				F847249EC056C1965412ADF1 /* FacelessTests */,
				ACC1DB5E540B9CCECA7F38E9 /* Frameworks */,
				F0C4696E4494FCBB5EA6714A /* Products */,
			);
			sourceTree = "<group>";
		};
		ACC1DB5E540B9CCECA7F38E9 /* Frameworks */ = {
			isa = PBXGroup;
			children = (
				412F18B9BC63908E6BBAB9F0 /* AVFoundation.framework */,
				CBF51F62C3EADD5D2F2B3059 /* AVKit.framework */,
				BB95D298B73C1441B667A650 /* QuartzCore.framework */,
			);
			name = Frameworks;
			sourceTree = "<group>";
		};
		C3474188FAC5D553507BFB49 /* Services */ = {
			isa = PBXGroup;
			children = (
				9B3CF9C5BA6B2A1C272593F7 /* AutoUploader.swift */,
				3F82A5568ECB048899E9AE55 /* BlueprintService.swift */,
				4A440B4F104B8D456470D924 /* FeatureFlagManager.swift */,
				A01F41CE73D00738C6E42FEE /* ReelsRenderer.swift */,
				4375F917090C0E40D3DD20C4 /* SubscriptionManager.swift */,
				D030C7A84040AE6382930914 /* VideoFetcher.swift */,
				4F76CCA176C188405CD18C3F /* VoiceoverGenerator.swift */,
			);
			path = Services;
			sourceTree = "<group>";
		};
		CBE8B917370F254023BB50D3 /* Utils */ = {
			isa = PBXGroup;
			children = (
				F509768D5BF0D06737631A7E /* TempFileManager.swift */,
				14798FB17F2A8621230C2F35 /* UsageTracker.swift */,
			);
			path = Utils;
			sourceTree = "<group>";
		};
		F0C4696E4494FCBB5EA6714A /* Products */ = {
			isa = PBXGroup;
			children = (
				25B0DAE12E716A27E713B50C /* Faceless.app */,
				555719F57EB73EEF0AE83F6B /* FacelessTests.xctest */,
			);
			name = Products;
			sourceTree = "<group>";
		};
		F1ABDA93706741BF75CC153F /* ViewModels */ = {
			isa = PBXGroup;
			children = (
				A57E14A781B27B54DBD98FEC /* ReelGeneratorViewModel.swift */,
			);
			path = ViewModels;
			sourceTree = "<group>";
		};
		F847249EC056C1965412ADF1 /* FacelessTests */ = {
			isa = PBXGroup;
			children = (
				7DCC9E79C5B5F13CC89FC0E7 /* Milestone3Tests.swift */,
				2BB4CF7CEF2309EF35EF5D40 /* ReelsBlueprintTests.swift */,
				20E36B02DDE3921886638C0F /* ViewModelTests.swift */,
				35C479FEB724BA5A2E333DE7 /* VoiceoverGeneratorTests.swift */,
			);
			path = FacelessTests;
			sourceTree = "<group>";
		};
/* End PBXGroup section */

/* Begin PBXNativeTarget section */
		5A05CAF4E31E43F854564ADA /* FacelessTests */ = {
			isa = PBXNativeTarget;
			buildConfigurationList = DD25E9CE233B6F49EAA738D9 /* Build configuration list for PBXNativeTarget "FacelessTests" */;
			buildPhases = (
				D547C6B987213FC5F8699675 /* Sources */,
			);
			buildRules = (
			);
			dependencies = (
				68C384CDCC8140D292C43AAF /* PBXTargetDependency */,
			);
			name = FacelessTests;
			packageProductDependencies = (
			);
			productName = FacelessTests;
			productReference = 555719F57EB73EEF0AE83F6B /* FacelessTests.xctest */;
			productType = "com.apple.product-type.bundle.unit-test";
		};
		8672607C5B6091700EAD7A3F /* Faceless */ = {
			isa = PBXNativeTarget;
			buildConfigurationList = 3AA935557F4FDFDD9834A974 /* Build configuration list for PBXNativeTarget "Faceless" */;
			buildPhases = (
				0A9988056AED40377E53AA13 /* Sources */,
				D28D84EC56B2163B1DA0655C /* Resources */,
				21F1537B05CA4706F35F6C54 /* Frameworks */,
			);
			buildRules = (
			);
			dependencies = (
			);
			name = Faceless;
			packageProductDependencies = (
				40EA00C5226FAA70E42E3804 /* FirebaseStorage */,
			);
			productName = Faceless;
			productReference = 25B0DAE12E716A27E713B50C /* Faceless.app */;
			productType = "com.apple.product-type.application";
		};
/* End PBXNativeTarget section */

/* Begin PBXProject section */
		CD26333254540897D55F0AD9 /* Project object */ = {
			isa = PBXProject;
			attributes = {
				BuildIndependentTargetsInParallel = YES;
				LastUpgradeCheck = 1600;
				TargetAttributes = {
					8672607C5B6091700EAD7A3F = {
						ProvisioningStyle = Automatic;
					};
				};
			};
			buildConfigurationList = 883FEF77077115602A429C9E /* Build configuration list for PBXProject "Faceless" */;
			developmentRegion = en;
			hasScannedForEncodings = 0;
			knownRegions = (
				Base,
				en,
			);
			mainGroup = 847007195A92FB95C500D3E5;
			minimizedProjectReferenceProxies = 1;
			packageReferences = (
				599BC8A2691907AF77B74353 /* XCRemoteSwiftPackageReference "firebase-ios-sdk" */,
			);
			preferredProjectObjectVersion = 77;
			productRefGroup = F0C4696E4494FCBB5EA6714A /* Products */;
			projectDirPath = "";
			projectRoot = "";
			targets = (
				8672607C5B6091700EAD7A3F /* Faceless */,
				5A05CAF4E31E43F854564ADA /* FacelessTests */,
			);
		};
/* End PBXProject section */

/* Begin PBXResourcesBuildPhase section */
		D28D84EC56B2163B1DA0655C /* Resources */ = {
			isa = PBXResourcesBuildPhase;
			buildActionMask = 2147483647;
			files = (
				FF0CBA4B036D9DBABC4DCDE2 /* Assets.xcassets in Resources */,
				D446DDDA047847E10DC719A2 /* StoreConfiguration.storekit in Resources */,
				472C8A58EE9D5230800A1124 /* mock_blueprint.json in Resources */,
			);
			runOnlyForDeploymentPostprocessing = 0;
		};
/* End PBXResourcesBuildPhase section */

/* Begin PBXSourcesBuildPhase section */
		0A9988056AED40377E53AA13 /* Sources */ = {
			isa = PBXSourcesBuildPhase;
			buildActionMask = 2147483647;
			files = (
				A68E5F2FAD86C8EF91485348 /* AutoUploader.swift in Sources */,
				257BD46423D340A696B784AB /* BlueprintService.swift in Sources */,
				2836762CBEA89B733CCCC9B2 /* FacelessApp.swift in Sources */,
				49FB20D168DA7DC653C1EFF8 /* FeatureFlagManager.swift in Sources */,
				8035767A01ACA357D1DDC80D /* GenerationPhase.swift in Sources */,
				47AC9DD06F6868601711E1E0 /* GenerationProgressView.swift in Sources */,
				A120A2E9944B2F384ED3F711 /* HomeView.swift in Sources */,
				38B935529AAECE255E53204E /* PaywallView.swift in Sources */,
				87A735729EC3340C30322699 /* PexelsResponse.swift in Sources */,
				2903BE5DEF5216293CFE3BCC /* ReelGeneratorViewModel.swift in Sources */,
				17DB6F8F7FFBE87E84BDF9B2 /* ReelsBlueprint.swift in Sources */,
				0E010ECCA910D3FF3DBD0736 /* ReelsRenderer.swift in Sources */,
				0258D9362D2F0B4AF483B3F1 /* SubscriptionManager.swift in Sources */,
				E44E7033A0815645854DEC27 /* TempFileManager.swift in Sources */,
				2C7DB59192916B0F1879AFE5 /* UsageTracker.swift in Sources */,
				01FA16525D06A5668D7720AC /* UserTier.swift in Sources */,
				2716ADBE337DFA48BDBCABDD /* VideoFetcher.swift in Sources */,
				CAEE6CD35D7AE708457DB5B8 /* VideoPreviewView.swift in Sources */,
				DF06214C463CBE548E9B92C1 /* VoiceoverGenerator.swift in Sources */,
			);
			runOnlyForDeploymentPostprocessing = 0;
		};
		D547C6B987213FC5F8699675 /* Sources */ = {
			isa = PBXSourcesBuildPhase;
			buildActionMask = 2147483647;
			files = (
				D5B7DC02E4D22CDE31B8C2F3 /* Milestone3Tests.swift in Sources */,
				FBE905902F34E59448A8B44C /* ReelsBlueprintTests.swift in Sources */,
				ED4312F9B8CA699CB6CD0DF3 /* ViewModelTests.swift in Sources */,
				357EF6C54D574454DF3BF0DC /* VoiceoverGeneratorTests.swift in Sources */,
			);
			runOnlyForDeploymentPostprocessing = 0;
		};
/* End PBXSourcesBuildPhase section */

/* Begin PBXTargetDependency section */
		68C384CDCC8140D292C43AAF /* PBXTargetDependency */ = {
			isa = PBXTargetDependency;
			target = 8672607C5B6091700EAD7A3F /* Faceless */;
			targetProxy = 3DDA721892F19111EF284D4A /* PBXContainerItemProxy */;
		};
/* End PBXTargetDependency section */

/* Begin XCBuildConfiguration section */
		1FC8311DDAFC9D1F7BFF48AE /* Debug */ = {
			isa = XCBuildConfiguration;
			buildSettings = {
				ALWAYS_SEARCH_USER_PATHS = NO;
				CLANG_ANALYZER_NONNULL = YES;
				CLANG_ANALYZER_NUMBER_OBJECT_CONVERSION = YES_AGGRESSIVE;
				CLANG_CXX_LANGUAGE_STANDARD = "gnu++14";
				CLANG_CXX_LIBRARY = "libc++";
				CLANG_ENABLE_MODULES = YES;
				CLANG_ENABLE_OBJC_ARC = YES;
				CLANG_ENABLE_OBJC_WEAK = YES;
				CLANG_WARN_BLOCK_CAPTURE_AUTORELEASING = YES;
				CLANG_WARN_BOOL_CONVERSION = YES;
				CLANG_WARN_COMMA = YES;
				CLANG_WARN_CONSTANT_CONVERSION = YES;
				CLANG_WARN_DEPRECATED_OBJC_IMPLEMENTATIONS = YES;
				CLANG_WARN_DIRECT_OBJC_ISA_USAGE = YES_ERROR;
				CLANG_WARN_DOCUMENTATION_COMMENTS = YES;
				CLANG_WARN_EMPTY_BODY = YES;
				CLANG_WARN_ENUM_CONVERSION = YES;
				CLANG_WARN_INFINITE_RECURSION = YES;
				CLANG_WARN_INT_CONVERSION = YES;
				CLANG_WARN_NON_LITERAL_NULL_CONVERSION = YES;
				CLANG_WARN_OBJC_IMPLICIT_RETAIN_SELF = YES;
				CLANG_WARN_OBJC_LITERAL_CONVERSION = YES;
				CLANG_WARN_OBJC_ROOT_CLASS = YES_ERROR;
				CLANG_WARN_QUOTED_INCLUDE_IN_FRAMEWORK_HEADER = YES;
				CLANG_WARN_RANGE_LOOP_ANALYSIS = YES;
				CLANG_WARN_STRICT_PROTOTYPES = YES;
				CLANG_WARN_SUSPICIOUS_MOVE = YES;
				CLANG_WARN_UNGUARDED_AVAILABILITY = YES_AGGRESSIVE;
				CLANG_WARN_UNREACHABLE_CODE = YES;
				CLANG_WARN__DUPLICATE_METHOD_MATCH = YES;
				COPY_PHASE_STRIP = NO;
				DEBUG_INFORMATION_FORMAT = dwarf;
				ENABLE_STRICT_OBJC_MSGSEND = YES;
				ENABLE_TESTABILITY = YES;
				GCC_C_LANGUAGE_STANDARD = gnu11;
				GCC_DYNAMIC_NO_PIC = NO;
				GCC_NO_COMMON_BLOCKS = YES;
				GCC_OPTIMIZATION_LEVEL = 0;
				GCC_PREPROCESSOR_DEFINITIONS = (
					"$(inherited)",
					"DEBUG=1",
				);
				GCC_WARN_64_TO_32_BIT_CONVERSION = YES;
				GCC_WARN_ABOUT_RETURN_TYPE = YES_ERROR;
				GCC_WARN_UNDECLARED_SELECTOR = YES;
				GCC_WARN_UNINITIALIZED_AUTOS = YES_AGGRESSIVE;
				GCC_WARN_UNUSED_FUNCTION = YES;
				GCC_WARN_UNUSED_VARIABLE = YES;
				IPHONEOS_DEPLOYMENT_TARGET = 17.0;
				MTL_ENABLE_DEBUG_INFO = INCLUDE_SOURCE;
				MTL_FAST_MATH = YES;
				ONLY_ACTIVE_ARCH = YES;
				PRODUCT_NAME = "$(TARGET_NAME)";
				SDKROOT = iphoneos;
				SWIFT_ACTIVE_COMPILATION_CONDITIONS = DEBUG;
				SWIFT_OPTIMIZATION_LEVEL = "-Onone";
				SWIFT_VERSION = 5.0;
			};
			name = Debug;
		};
		327744ABF1CB875DD6D33409 /* Debug */ = {
			isa = XCBuildConfiguration;
			buildSettings = {
				ASSETCATALOG_COMPILER_APPICON_NAME = AppIcon;
				CODE_SIGN_IDENTITY = "-";
				"CODE_SIGN_IDENTITY[sdk=iphoneos*]" = "Apple Development";
				CODE_SIGN_STYLE = Automatic;
				CURRENT_PROJECT_VERSION = 1;
				DEBUG_INFORMATION_FORMAT = "dwarf-with-dsym";
				DEVELOPMENT_TEAM = ZS89AATCJ2;
				INFOPLIST_FILE = Faceless/Info.plist;
				LD_RUNPATH_SEARCH_PATHS = (
					"$(inherited)",
					"@executable_path/Frameworks",
				);
				MARKETING_VERSION = 1.0.0;
				PRODUCT_BUNDLE_IDENTIFIER = com.faceless.app;
				SDKROOT = iphoneos;
				SWIFT_STRICT_CONCURRENCY = complete;
				SWIFT_VERSION = 6.0;
				TARGETED_DEVICE_FAMILY = "1,2";
			};
			name = Debug;
		};
		67C13C26E7EC201A0C8C6528 /* Release */ = {
			isa = XCBuildConfiguration;
			buildSettings = {
				ASSETCATALOG_COMPILER_APPICON_NAME = AppIcon;
				CODE_SIGN_IDENTITY = "-";
				"CODE_SIGN_IDENTITY[sdk=iphoneos*]" = "Apple Development";
				CODE_SIGN_STYLE = Automatic;
				CURRENT_PROJECT_VERSION = 1;
				DEBUG_INFORMATION_FORMAT = "dwarf-with-dsym";
				DEVELOPMENT_TEAM = ZS89AATCJ2;
				INFOPLIST_FILE = Faceless/Info.plist;
				LD_RUNPATH_SEARCH_PATHS = (
					"$(inherited)",
					"@executable_path/Frameworks",
				);
				MARKETING_VERSION = 1.0.0;
				PRODUCT_BUNDLE_IDENTIFIER = com.faceless.app;
				SDKROOT = iphoneos;
				SWIFT_OPTIMIZATION_LEVEL = "-O";
				SWIFT_STRICT_CONCURRENCY = complete;
				SWIFT_VERSION = 6.0;
				TARGETED_DEVICE_FAMILY = "1,2";
			};
			name = Release;
		};
		7332FAFC88BD7A3ABD809173 /* Release */ = {
			isa = XCBuildConfiguration;
			buildSettings = {
				BUNDLE_LOADER = "$(TEST_HOST)";
				GENERATE_INFOPLIST_FILE = YES;
				LD_RUNPATH_SEARCH_PATHS = (
					"$(inherited)",
					"@executable_path/Frameworks",
					"@loader_path/Frameworks",
				);
				PRODUCT_BUNDLE_IDENTIFIER = com.faceless.FacelessTests;
				SDKROOT = iphoneos;
				SWIFT_VERSION = 6.0;
				TARGETED_DEVICE_FAMILY = "1,2";
				TEST_HOST = "$(BUILT_PRODUCTS_DIR)/Faceless.app/Faceless";
			};
			name = Release;
		};
		A3F373EB45EDAE690C877288 /* Release */ = {
			isa = XCBuildConfiguration;
			buildSettings = {
				ALWAYS_SEARCH_USER_PATHS = NO;
				CLANG_ANALYZER_NONNULL = YES;
				CLANG_ANALYZER_NUMBER_OBJECT_CONVERSION = YES_AGGRESSIVE;
				CLANG_CXX_LANGUAGE_STANDARD = "gnu++14";
				CLANG_CXX_LIBRARY = "libc++";
				CLANG_ENABLE_MODULES = YES;
				CLANG_ENABLE_OBJC_ARC = YES;
				CLANG_ENABLE_OBJC_WEAK = YES;
				CLANG_WARN_BLOCK_CAPTURE_AUTORELEASING = YES;
				CLANG_WARN_BOOL_CONVERSION = YES;
				CLANG_WARN_COMMA = YES;
				CLANG_WARN_CONSTANT_CONVERSION = YES;
				CLANG_WARN_DEPRECATED_OBJC_IMPLEMENTATIONS = YES;
				CLANG_WARN_DIRECT_OBJC_ISA_USAGE = YES_ERROR;
				CLANG_WARN_DOCUMENTATION_COMMENTS = YES;
				CLANG_WARN_EMPTY_BODY = YES;
				CLANG_WARN_ENUM_CONVERSION = YES;
				CLANG_WARN_INFINITE_RECURSION = YES;
				CLANG_WARN_INT_CONVERSION = YES;
				CLANG_WARN_NON_LITERAL_NULL_CONVERSION = YES;
				CLANG_WARN_OBJC_IMPLICIT_RETAIN_SELF = YES;
				CLANG_WARN_OBJC_LITERAL_CONVERSION = YES;
				CLANG_WARN_OBJC_ROOT_CLASS = YES_ERROR;
				CLANG_WARN_QUOTED_INCLUDE_IN_FRAMEWORK_HEADER = YES;
				CLANG_WARN_RANGE_LOOP_ANALYSIS = YES;
				CLANG_WARN_STRICT_PROTOTYPES = YES;
				CLANG_WARN_SUSPICIOUS_MOVE = YES;
				CLANG_WARN_UNGUARDED_AVAILABILITY = YES_AGGRESSIVE;
				CLANG_WARN_UNREACHABLE_CODE = YES;
				CLANG_WARN__DUPLICATE_METHOD_MATCH = YES;
				COPY_PHASE_STRIP = NO;
				DEBUG_INFORMATION_FORMAT = "dwarf-with-dsym";
				ENABLE_NS_ASSERTIONS = NO;
				ENABLE_STRICT_OBJC_MSGSEND = YES;
				GCC_C_LANGUAGE_STANDARD = gnu11;
				GCC_NO_COMMON_BLOCKS = YES;
				GCC_WARN_64_TO_32_BIT_CONVERSION = YES;
				GCC_WARN_ABOUT_RETURN_TYPE = YES_ERROR;
				GCC_WARN_UNDECLARED_SELECTOR = YES;
				GCC_WARN_UNINITIALIZED_AUTOS = YES_AGGRESSIVE;
				GCC_WARN_UNUSED_FUNCTION = YES;
				GCC_WARN_UNUSED_VARIABLE = YES;
				IPHONEOS_DEPLOYMENT_TARGET = 17.0;
				MTL_ENABLE_DEBUG_INFO = NO;
				MTL_FAST_MATH = YES;
				PRODUCT_NAME = "$(TARGET_NAME)";
				SDKROOT = iphoneos;
				SWIFT_COMPILATION_MODE = wholemodule;
				SWIFT_OPTIMIZATION_LEVEL = "-O";
				SWIFT_VERSION = 5.0;
			};
			name = Release;
		};
		FFC2F66B9EC59F7C5A42D123 /* Debug */ = {
			isa = XCBuildConfiguration;
			buildSettings = {
				BUNDLE_LOADER = "$(TEST_HOST)";
				GENERATE_INFOPLIST_FILE = YES;
				LD_RUNPATH_SEARCH_PATHS = (
					"$(inherited)",
					"@executable_path/Frameworks",
					"@loader_path/Frameworks",
				);
				PRODUCT_BUNDLE_IDENTIFIER = com.faceless.FacelessTests;
				SDKROOT = iphoneos;
				SWIFT_VERSION = 6.0;
				TARGETED_DEVICE_FAMILY = "1,2";
				TEST_HOST = "$(BUILT_PRODUCTS_DIR)/Faceless.app/Faceless";
			};
			name = Debug;
		};
/* End XCBuildConfiguration section */

/* Begin XCConfigurationList section */
		3AA935557F4FDFDD9834A974 /* Build configuration list for PBXNativeTarget "Faceless" */ = {
			isa = XCConfigurationList;
			buildConfigurations = (
				327744ABF1CB875DD6D33409 /* Debug */,
				67C13C26E7EC201A0C8C6528 /* Release */,
			);
			defaultConfigurationIsVisible = 0;
			defaultConfigurationName = Debug;
		};
		883FEF77077115602A429C9E /* Build configuration list for PBXProject "Faceless" */ = {
			isa = XCConfigurationList;
			buildConfigurations = (
				1FC8311DDAFC9D1F7BFF48AE /* Debug */,
				A3F373EB45EDAE690C877288 /* Release */,
			);
			defaultConfigurationIsVisible = 0;
			defaultConfigurationName = Debug;
		};
		DD25E9CE233B6F49EAA738D9 /* Build configuration list for PBXNativeTarget "FacelessTests" */ = {
			isa = XCConfigurationList;
			buildConfigurations = (
				FFC2F66B9EC59F7C5A42D123 /* Debug */,
				7332FAFC88BD7A3ABD809173 /* Release */,
			);
			defaultConfigurationIsVisible = 0;
			defaultConfigurationName = Debug;
		};
/* End XCConfigurationList section */

/* Begin XCRemoteSwiftPackageReference section */
		599BC8A2691907AF77B74353 /* XCRemoteSwiftPackageReference "firebase-ios-sdk" */ = {
			isa = XCRemoteSwiftPackageReference;
			repositoryURL = "https://github.com/firebase/firebase-ios-sdk";
			requirement = {
				kind = upToNextMajorVersion;
				minimumVersion = 11.0.0;
			};
		};
/* End XCRemoteSwiftPackageReference section */

/* Begin XCSwiftPackageProductDependency section */
		40EA00C5226FAA70E42E3804 /* FirebaseStorage */ = {
			isa = XCSwiftPackageProductDependency;
			package = 599BC8A2691907AF77B74353 /* XCRemoteSwiftPackageReference "firebase-ios-sdk" */;
			productName = FirebaseStorage;
		};
/* End XCSwiftPackageProductDependency section */
	};
	rootObject = CD26333254540897D55F0AD9 /* Project object */;
}
